
Microsoft Visual Studio Solution File, Format Version 12.00
# Visual Studio Version 17
VisualStudioVersion = 17.0.31912.275
MinimumVisualStudioVersion = 10.0.40219.1
Project("{FAE04EC0-301F-11D3-BF4B-00C04F79EFBC}") = "Soal2a_TestLogikaPemograman", "Soal2a_TestLogikaPemograman\Soal2a_TestLogikaPemograman.csproj", "{484EEE81-2FBA-4B2F-9D1B-A6487F194D3A}"
EndProject
Global
	GlobalSection(SolutionConfigurationPlatforms) = preSolution
		Debug|Any CPU = Debug|Any CPU
		Release|Any CPU = Release|Any CPU
	EndGlobalSection
	GlobalSection(ProjectConfigurationPlatforms) = postSolution
		{484EEE81-2FBA-4B2F-9D1B-A6487F194D3A}.Debug|Any CPU.ActiveCfg = Debug|Any CPU
		{484EEE81-2FBA-4B2F-9D1B-A6487F194D3A}.Debug|Any CPU.Build.0 = Debug|Any CPU
		{484EEE81-2FBA-4B2F-9D1B-A6487F194D3A}.Release|Any CPU.ActiveCfg = Release|Any CPU
		{484EEE81-2FBA-4B2F-9D1B-A6487F194D3A}.Release|Any CPU.Build.0 = Release|Any CPU
	EndGlobalSection
	GlobalSection(SolutionProperties) = preSolution
		HideSolutionNode = FALSE
	EndGlobalSection
	GlobalSection(ExtensibilityGlobals) = postSolution
		SolutionGuid = {AE911780-1A57-4FDC-AECE-4A290D1F0551}
	EndGlobalSection
EndGlobal
